
Microsoft Visual Studio Solution File, Format Version 12.00
# Visual Studio Version 17
VisualStudioVersion = 17.0.32014.148
MinimumVisualStudioVersion = 10.0.40219.1
Project("{FAE04EC0-301F-11D3-BF4B-00C04F79EFBC}") = "SensorModel.Services", "ServiceModel.Services\SensorModel.Services.csproj", "{036E9C9A-B159-42AE-AD9C-FD58DB0BB114}"
EndProject
Project("{FAE04EC0-301F-11D3-BF4B-00C04F79EFBC}") = "SensorModel.WinServices", "ServiceModel.WinServices\SensorModel.WinServices.csproj", "{ECFE301D-7486-4E80-9BB7-6F6EC02C996F}"
EndProject
Project("{FAE04EC0-301F-11D3-BF4B-00C04F79EFBC}") = "SensorModel.Winform", "SensorModel.Winform\SensorModel.Winform.csproj", "{299FF5D7-DF07-4242-AC34-FA9358DACE4C}"
EndProject
Global
	GlobalSection(SolutionConfigurationPlatforms) = preSolution
		Debug|Any CPU = Debug|Any CPU
		Debug|x86 = Debug|x86
		Release|Any CPU = Release|Any CPU
		Release|x86 = Release|x86
	EndGlobalSection
	GlobalSection(ProjectConfigurationPlatforms) = postSolution
		{036E9C9A-B159-42AE-AD9C-FD58DB0BB114}.Debug|Any CPU.ActiveCfg = Debug|Any CPU
		{036E9C9A-B159-42AE-AD9C-FD58DB0BB114}.Debug|Any CPU.Build.0 = Debug|Any CPU
		{036E9C9A-B159-42AE-AD9C-FD58DB0BB114}.Debug|x86.ActiveCfg = Debug|Any CPU
		{036E9C9A-B159-42AE-AD9C-FD58DB0BB114}.Debug|x86.Build.0 = Debug|Any CPU
		{036E9C9A-B159-42AE-AD9C-FD58DB0BB114}.Release|Any CPU.ActiveCfg = Release|Any CPU
		{036E9C9A-B159-42AE-AD9C-FD58DB0BB114}.Release|Any CPU.Build.0 = Release|Any CPU
		{036E9C9A-B159-42AE-AD9C-FD58DB0BB114}.Release|x86.ActiveCfg = Release|Any CPU
		{036E9C9A-B159-42AE-AD9C-FD58DB0BB114}.Release|x86.Build.0 = Release|Any CPU
		{ECFE301D-7486-4E80-9BB7-6F6EC02C996F}.Debug|Any CPU.ActiveCfg = Debug|Any CPU
		{ECFE301D-7486-4E80-9BB7-6F6EC02C996F}.Debug|Any CPU.Build.0 = Debug|Any CPU
		{ECFE301D-7486-4E80-9BB7-6F6EC02C996F}.Debug|x86.ActiveCfg = Debug|Any CPU
		{ECFE301D-7486-4E80-9BB7-6F6EC02C996F}.Debug|x86.Build.0 = Debug|Any CPU
		{ECFE301D-7486-4E80-9BB7-6F6EC02C996F}.Release|Any CPU.ActiveCfg = Release|Any CPU
		{ECFE301D-7486-4E80-9BB7-6F6EC02C996F}.Release|Any CPU.Build.0 = Release|Any CPU
		{ECFE301D-7486-4E80-9BB7-6F6EC02C996F}.Release|x86.ActiveCfg = Release|Any CPU
		{ECFE301D-7486-4E80-9BB7-6F6EC02C996F}.Release|x86.Build.0 = Release|Any CPU
		{299FF5D7-DF07-4242-AC34-FA9358DACE4C}.Debug|Any CPU.ActiveCfg = Debug|Any CPU
		{299FF5D7-DF07-4242-AC34-FA9358DACE4C}.Debug|Any CPU.Build.0 = Debug|Any CPU
		{299FF5D7-DF07-4242-AC34-FA9358DACE4C}.Debug|x86.ActiveCfg = Debug|Any CPU
		{299FF5D7-DF07-4242-AC34-FA9358DACE4C}.Debug|x86.Build.0 = Debug|Any CPU
		{299FF5D7-DF07-4242-AC34-FA9358DACE4C}.Release|Any CPU.ActiveCfg = Release|Any CPU
		{299FF5D7-DF07-4242-AC34-FA9358DACE4C}.Release|Any CPU.Build.0 = Release|Any CPU
		{299FF5D7-DF07-4242-AC34-FA9358DACE4C}.Release|x86.ActiveCfg = Release|Any CPU
		{299FF5D7-DF07-4242-AC34-FA9358DACE4C}.Release|x86.Build.0 = Release|Any CPU
	EndGlobalSection
	GlobalSection(SolutionProperties) = preSolution
		HideSolutionNode = FALSE
	EndGlobalSection
	GlobalSection(ExtensibilityGlobals) = postSolution
		SolutionGuid = {E233C29E-CC5B-41A0-A6F5-1F8FC0B8CD64}
	EndGlobalSection
EndGlobal
